
Microsoft Visual Studio Solution File, Format Version 12.00
Project("{FAE04EC0-301F-11D3-BF4B-00C04F79EFBC}") = "Tramwrecked", "Tramwrecked\Tramwrecked.csproj", "{746C0803-E534-46BF-A44C-1AD4C88CD27F}"
EndProject
Global
	GlobalSection(SolutionConfigurationPlatforms) = preSolution
		Debug|Any CPU = Debug|Any CPU
		Release|Any CPU = Release|Any CPU
	EndGlobalSection
	GlobalSection(ProjectConfigurationPlatforms) = postSolution
		{746C0803-E534-46BF-A44C-1AD4C88CD27F}.Debug|Any CPU.ActiveCfg = Debug|Any CPU
		{746C0803-E534-46BF-A44C-1AD4C88CD27F}.Debug|Any CPU.Build.0 = Debug|Any CPU
		{746C0803-E534-46BF-A44C-1AD4C88CD27F}.Release|Any CPU.ActiveCfg = Release|Any CPU
		{746C0803-E534-46BF-A44C-1AD4C88CD27F}.Release|Any CPU.Build.0 = Release|Any CPU
	EndGlobalSection
EndGlobal
